
Microsoft Visual Studio Solution File, Format Version 12.00
# Visual Studio Version 17
VisualStudioVersion = 17.5.002.0
MinimumVisualStudioVersion = 10.0.40219.1
Project("{9A19103F-16F7-4668-BE54-9A1E7A4F7556}") = "Project", "Project\Project.csproj", "{EA1A9825-649B-4AB2-8D8B-5CC7AF7D47A5}"
EndProject
Project("{9A19103F-16F7-4668-BE54-9A1E7A4F7556}") = "Testing", "Testing\Testing.csproj", "{B6D8F775-6695-4F09-8603-17E54FE31DD9}"
EndProject
Global
	GlobalSection(SolutionConfigurationPlatforms) = preSolution
		Debug|Any CPU = Debug|Any CPU
		Release|Any CPU = Release|Any CPU
	EndGlobalSection
	GlobalSection(ProjectConfigurationPlatforms) = postSolution
		{EA1A9825-649B-4AB2-8D8B-5CC7AF7D47A5}.Debug|Any CPU.ActiveCfg = Debug|Any CPU
		{EA1A9825-649B-4AB2-8D8B-5CC7AF7D47A5}.Debug|Any CPU.Build.0 = Debug|Any CPU
		{EA1A9825-649B-4AB2-8D8B-5CC7AF7D47A5}.Release|Any CPU.ActiveCfg = Release|Any CPU
		{EA1A9825-649B-4AB2-8D8B-5CC7AF7D47A5}.Release|Any CPU.Build.0 = Release|Any CPU
		{B6D8F775-6695-4F09-8603-17E54FE31DD9}.Debug|Any CPU.ActiveCfg = Debug|Any CPU
		{B6D8F775-6695-4F09-8603-17E54FE31DD9}.Debug|Any CPU.Build.0 = Debug|Any CPU
		{B6D8F775-6695-4F09-8603-17E54FE31DD9}.Release|Any CPU.ActiveCfg = Release|Any CPU
		{B6D8F775-6695-4F09-8603-17E54FE31DD9}.Release|Any CPU.Build.0 = Release|Any CPU
	EndGlobalSection
	GlobalSection(SolutionProperties) = preSolution
		HideSolutionNode = FALSE
	EndGlobalSection
	GlobalSection(ExtensibilityGlobals) = postSolution
		SolutionGuid = {3A134975-5C36-40E4-B680-D50A4D33938A}
	EndGlobalSection
EndGlobal
